// !$*UTF8*$!
{
	archiveVersion = 1;
	classes = {
	};
	objectVersion = 50;
	objects = {

/* Begin PBXBuildFile section */
		08A3A3FC21C158CD008E071F /* AppDelegate.swift in Sources */ = {isa = PBXBuildFile; fileRef = 08A3A3FB21C158CD008E071F /* AppDelegate.swift */; };
		08A3A3FE21C158CD008E071F /* ViewController.swift in Sources */ = {isa = PBXBuildFile; fileRef = 08A3A3FD21C158CD008E071F /* ViewController.swift */; };
		08A3A40121C158CD008E071F /* Main.storyboard in Resources */ = {isa = PBXBuildFile; fileRef = 08A3A3FF21C158CD008E071F /* Main.storyboard */; };
		08A3A40421C158CD008E071F /* xsh.xcdatamodeld in Sources */ = {isa = PBXBuildFile; fileRef = 08A3A40221C158CD008E071F /* xsh.xcdatamodeld */; };
		08A3A40621C158CE008E071F /* Assets.xcassets in Resources */ = {isa = PBXBuildFile; fileRef = 08A3A40521C158CE008E071F /* Assets.xcassets */; };
		08A3A40921C158CE008E071F /* LaunchScreen.storyboard in Resources */ = {isa = PBXBuildFile; fileRef = 08A3A40721C158CE008E071F /* LaunchScreen.storyboard */; };
		08A3A41421C158CF008E071F /* xshTests.swift in Sources */ = {isa = PBXBuildFile; fileRef = 08A3A41321C158CF008E071F /* xshTests.swift */; };
		08A3A41F21C158CF008E071F /* xshUITests.swift in Sources */ = {isa = PBXBuildFile; fileRef = 08A3A41E21C158CF008E071F /* xshUITests.swift */; };
/* End PBXBuildFile section */

/* Begin PBXContainerItemProxy section */
		08A3A41021C158CF008E071F /* PBXContainerItemProxy */ = {
			isa = PBXContainerItemProxy;
			containerPortal = 08A3A3F021C158CD008E071F /* Project object */;
			proxyType = 1;
			remoteGlobalIDString = 08A3A3F721C158CD008E071F;
			remoteInfo = xsh;
		};
		08A3A41B21C158CF008E071F /* PBXContainerItemProxy */ = {
			isa = PBXContainerItemProxy;
			containerPortal = 08A3A3F021C158CD008E071F /* Project object */;
			proxyType = 1;
			remoteGlobalIDString = 08A3A3F721C158CD008E071F;
			remoteInfo = xsh;
		};
/* End PBXContainerItemProxy section */

/* Begin PBXFileReference section */
		08A3A3F821C158CD008E071F /* xsh.app */ = {isa = PBXFileReference; explicitFileType = wrapper.application; includeInIndex = 0; path = xsh.app; sourceTree = BUILT_PRODUCTS_DIR; };
		08A3A3FB21C158CD008E071F /* AppDelegate.swift */ = {isa = PBXFileReference; lastKnownFileType = sourcecode.swift; path = AppDelegate.swift; sourceTree = "<group>"; };
		08A3A3FD21C158CD008E071F /* ViewController.swift */ = {isa = PBXFileReference; lastKnownFileType = sourcecode.swift; path = ViewController.swift; sourceTree = "<group>"; };
		08A3A40021C158CD008E071F /* Base */ = {isa = PBXFileReference; lastKnownFileType = file.storyboard; name = Base; path = Base.lproj/Main.storyboard; sourceTree = "<group>"; };
		08A3A40321C158CD008E071F /* xsh.xcdatamodel */ = {isa = PBXFileReference; lastKnownFileType = wrapper.xcdatamodel; path = xsh.xcdatamodel; sourceTree = "<group>"; };
		08A3A40521C158CE008E071F /* Assets.xcassets */ = {isa = PBXFileReference; lastKnownFileType = folder.assetcatalog; path = Assets.xcassets; sourceTree = "<group>"; };
		08A3A40821C158CE008E071F /* Base */ = {isa = PBXFileReference; lastKnownFileType = file.storyboard; name = Base; path = Base.lproj/LaunchScreen.storyboard; sourceTree = "<group>"; };
		08A3A40A21C158CE008E071F /* Info.plist */ = {isa = PBXFileReference; lastKnownFileType = text.plist.xml; path = Info.plist; sourceTree = "<group>"; };
		08A3A40F21C158CF008E071F /* xshTests.xctest */ = {isa = PBXFileReference; explicitFileType = wrapper.cfbundle; includeInIndex = 0; path = xshTests.xctest; sourceTree = BUILT_PRODUCTS_DIR; };
		08A3A41321C158CF008E071F /* xshTests.swift */ = {isa = PBXFileReference; lastKnownFileType = sourcecode.swift; path = xshTests.swift; sourceTree = "<group>"; };
		08A3A41521C158CF008E071F /* Info.plist */ = {isa = PBXFileReference; lastKnownFileType = text.plist.xml; path = Info.plist; sourceTree = "<group>"; };
		08A3A41A21C158CF008E071F /* xshUITests.xctest */ = {isa = PBXFileReference; explicitFileType = wrapper.cfbundle; includeInIndex = 0; path = xshUITests.xctest; sourceTree = BUILT_PRODUCTS_DIR; };
		08A3A41E21C158CF008E071F /* xshUITests.swift */ = {isa = PBXFileReference; lastKnownFileType = sourcecode.swift; path = xshUITests.swift; sourceTree = "<group>"; };
		08A3A42021C158CF008E071F /* Info.plist */ = {isa = PBXFileReference; lastKnownFileType = text.plist.xml; path = Info.plist; sourceTree = "<group>"; };
/* End PBXFileReference section */

/* Begin PBXFrameworksBuildPhase section */
		08A3A3F521C158CD008E071F /* Frameworks */ = {
			isa = PBXFrameworksBuildPhase;
			buildActionMask = 2147483647;
			files = (
			);
			runOnlyForDeploymentPostprocessing = 0;
		};
		08A3A40C21C158CF008E071F /* Frameworks */ = {
			isa = PBXFrameworksBuildPhase;
			buildActionMask = 2147483647;
			files = (
			);
			runOnlyForDeploymentPostprocessing = 0;
		};
		08A3A41721C158CF008E071F /* Frameworks */ = {
			isa = PBXFrameworksBuildPhase;
			buildActionMask = 2147483647;
			files = (
			);
			runOnlyForDeploymentPostprocessing = 0;
		};
/* End PBXFrameworksBuildPhase section */

/* Begin PBXGroup section */
		08A3A3EF21C158CD008E071F = {
			isa = PBXGroup;
			children = (
				08A3A3FA21C158CD008E071F /* xsh */,
				08A3A41221C158CF008E071F /* xshTests */,
				08A3A41D21C158CF008E071F /* xshUITests */,
				08A3A3F921C158CD008E071F /* Products */,
			);
			sourceTree = "<group>";
		};
		08A3A3F921C158CD008E071F /* Products */ = {
			isa = PBXGroup;
			children = (
				08A3A3F821C158CD008E071F /* xsh.app */,
				08A3A40F21C158CF008E071F /* xshTests.xctest */,
				08A3A41A21C158CF008E071F /* xshUITests.xctest */,
			);
			name = Products;
			sourceTree = "<group>";
		};
		08A3A3FA21C158CD008E071F /* xsh */ = {
			isa = PBXGroup;
			children = (
				08A3A3FB21C158CD008E071F /* AppDelegate.swift */,
				08A3A3FD21C158CD008E071F /* ViewController.swift */,
				08A3A3FF21C158CD008E071F /* Main.storyboard */,
				08A3A40521C158CE008E071F /* Assets.xcassets */,
				08A3A40721C158CE008E071F /* LaunchScreen.storyboard */,
				08A3A40A21C158CE008E071F /* Info.plist */,
				08A3A40221C158CD008E071F /* xsh.xcdatamodeld */,
			);
			path = xsh;
			sourceTree = "<group>";
		};
		08A3A41221C158CF008E071F /* xshTests */ = {
			isa = PBXGroup;
			children = (
				08A3A41321C158CF008E071F /* xshTests.swift */,
				08A3A41521C158CF008E071F /* Info.plist */,
			);
			path = xshTests;
			sourceTree = "<group>";
		};
		08A3A41D21C158CF008E071F /* xshUITests */ = {
			isa = PBXGroup;
			children = (
				08A3A41E21C158CF008E071F /* xshUITests.swift */,
				08A3A42021C158CF008E071F /* Info.plist */,
			);
			path = xshUITests;
			sourceTree = "<group>";
		};
/* End PBXGroup section */

/* Begin PBXNativeTarget section */
		08A3A3F721C158CD008E071F /* xsh */ = {
			isa = PBXNativeTarget;
			buildConfigurationList = 08A3A42321C158CF008E071F /* Build configuration list for PBXNativeTarget "xsh" */;
			buildPhases = (
				08A3A3F421C158CD008E071F /* Sources */,
				08A3A3F521C158CD008E071F /* Frameworks */,
				08A3A3F621C158CD008E071F /* Resources */,
			);
			buildRules = (
			);
			dependencies = (
			);
			name = xsh;
			productName = xsh;
			productReference = 08A3A3F821C158CD008E071F /* xsh.app */;
			productType = "com.apple.product-type.application";
		};
		08A3A40E21C158CF008E071F /* xshTests */ = {
			isa = PBXNativeTarget;
			buildConfigurationList = 08A3A42621C158CF008E071F /* Build configuration list for PBXNativeTarget "xshTests" */;
			buildPhases = (
				08A3A40B21C158CF008E071F /* Sources */,
				08A3A40C21C158CF008E071F /* Frameworks */,
				08A3A40D21C158CF008E071F /* Resources */,
			);
			buildRules = (
			);
			dependencies = (
				08A3A41121C158CF008E071F /* PBXTargetDependency */,
			);
			name = xshTests;
			productName = xshTests;
			productReference = 08A3A40F21C158CF008E071F /* xshTests.xctest */;
			productType = "com.apple.product-type.bundle.unit-test";
		};
		08A3A41921C158CF008E071F /* xshUITests */ = {
			isa = PBXNativeTarget;
			buildConfigurationList = 08A3A42921C158CF008E071F /* Build configuration list for PBXNativeTarget "xshUITests" */;
			buildPhases = (
				08A3A41621C158CF008E071F /* Sources */,
				08A3A41721C158CF008E071F /* Frameworks */,
				08A3A41821C158CF008E071F /* Resources */,
			);
			buildRules = (
			);
			dependencies = (
				08A3A41C21C158CF008E071F /* PBXTargetDependency */,
			);
			name = xshUITests;
			productName = xshUITests;
			productReference = 08A3A41A21C158CF008E071F /* xshUITests.xctest */;
			productType = "com.apple.product-type.bundle.ui-testing";
		};
/* End PBXNativeTarget section */

/* Begin PBXProject section */
		08A3A3F021C158CD008E071F /* Project object */ = {
			isa = PBXProject;
			attributes = {
				LastSwiftUpdateCheck = 1010;
				LastUpgradeCheck = 1010;
				ORGANIZATIONNAME = wwzb;
				TargetAttributes = {
					08A3A3F721C158CD008E071F = {
						CreatedOnToolsVersion = 10.1;
					};
					08A3A40E21C158CF008E071F = {
						CreatedOnToolsVersion = 10.1;
						TestTargetID = 08A3A3F721C158CD008E071F;
					};
					08A3A41921C158CF008E071F = {
						CreatedOnToolsVersion = 10.1;
						TestTargetID = 08A3A3F721C158CD008E071F;
					};
				};
			};
			buildConfigurationList = 08A3A3F321C158CD008E071F /* Build configuration list for PBXProject "xsh" */;
			compatibilityVersion = "Xcode 9.3";
			developmentRegion = en;
			hasScannedForEncodings = 0;
			knownRegions = (
				en,
				Base,
			);
			mainGroup = 08A3A3EF21C158CD008E071F;
			productRefGroup = 08A3A3F921C158CD008E071F /* Products */;
			projectDirPath = "";
			projectRoot = "";
			targets = (
				08A3A3F721C158CD008E071F /* xsh */,
				08A3A40E21C158CF008E071F /* xshTests */,
				08A3A41921C158CF008E071F /* xshUITests */,
			);
		};
/* End PBXProject section */

/* Begin PBXResourcesBuildPhase section */
		08A3A3F621C158CD008E071F /* Resources */ = {
			isa = PBXResourcesBuildPhase;
			buildActionMask = 2147483647;
			files = (
				08A3A40921C158CE008E071F /* LaunchScreen.storyboard in Resources */,
				08A3A40621C158CE008E071F /* Assets.xcassets in Resources */,
				08A3A40121C158CD008E071F /* Main.storyboard in Resources */,
			);
			runOnlyForDeploymentPostprocessing = 0;
		};
		08A3A40D21C158CF008E071F /* Resources */ = {
			isa = PBXResourcesBuildPhase;
			buildActionMask = 2147483647;
			files = (
			);
			runOnlyForDeploymentPostprocessing = 0;
		};
		08A3A41821C158CF008E071F /* Resources */ = {
			isa = PBXResourcesBuildPhase;
			buildActionMask = 2147483647;
			files = (
			);
			runOnlyForDeploymentPostprocessing = 0;
		};
/* End PBXResourcesBuildPhase section */

/* Begin PBXSourcesBuildPhase section */
		08A3A3F421C158CD008E071F /* Sources */ = {
			isa = PBXSourcesBuildPhase;
			buildActionMask = 2147483647;
			files = (
				08A3A3FE21C158CD008E071F /* ViewController.swift in Sources */,
				08A3A40421C158CD008E071F /* xsh.xcdatamodeld in Sources */,
				08A3A3FC21C158CD008E071F /* AppDelegate.swift in Sources */,
			);
			runOnlyForDeploymentPostprocessing = 0;
		};
		08A3A40B21C158CF008E071F /* Sources */ = {
			isa = PBXSourcesBuildPhase;
			buildActionMask = 2147483647;
			files = (
				08A3A41421C158CF008E071F /* xshTests.swift in Sources */,
			);
			runOnlyForDeploymentPostprocessing = 0;
		};
		08A3A41621C158CF008E071F /* Sources */ = {
			isa = PBXSourcesBuildPhase;
			buildActionMask = 2147483647;
			files = (
				08A3A41F21C158CF008E071F /* xshUITests.swift in Sources */,
			);
			runOnlyForDeploymentPostprocessing = 0;
		};
/* End PBXSourcesBuildPhase section */

/* Begin PBXTargetDependency section */
		08A3A41121C158CF008E071F /* PBXTargetDependency */ = {
			isa = PBXTargetDependency;
			target = 08A3A3F721C158CD008E071F /* xsh */;
			targetProxy = 08A3A41021C158CF008E071F /* PBXContainerItemProxy */;
		};
		08A3A41C21C158CF008E071F /* PBXTargetDependency */ = {
			isa = PBXTargetDependency;
			target = 08A3A3F721C158CD008E071F /* xsh */;
			targetProxy = 08A3A41B21C158CF008E071F /* PBXContainerItemProxy */;
		};
/* End PBXTargetDependency section */

/* Begin PBXVariantGroup section */
		08A3A3FF21C158CD008E071F /* Main.storyboard */ = {
			isa = PBXVariantGroup;
			children = (
				08A3A40021C158CD008E071F /* Base */,
			);
			name = Main.storyboard;
			sourceTree = "<group>";
		};
		08A3A40721C158CE008E071F /* LaunchScreen.storyboard */ = {
			isa = PBXVariantGroup;
			children = (
				08A3A40821C158CE008E071F /* Base */,
			);
			name = LaunchScreen.storyboard;
			sourceTree = "<group>";
		};
/* End PBXVariantGroup section */

/* Begin XCBuildConfiguration section */
		08A3A42121C158CF008E071F /* Debug */ = {
			isa = XCBuildConfiguration;
			buildSettings = {
				ALWAYS_SEARCH_USER_PATHS = NO;
				CLANG_ANALYZER_NONNULL = YES;
				CLANG_ANALYZER_NUMBER_OBJECT_CONVERSION = YES_AGGRESSIVE;
				CLANG_CXX_LANGUAGE_STANDARD = "gnu++14";
				CLANG_CXX_LIBRARY = "libc++";
				CLANG_ENABLE_MODULES = YES;
				CLANG_ENABLE_OBJC_ARC = YES;
				CLANG_ENABLE_OBJC_WEAK = YES;
				CLANG_WARN_BLOCK_CAPTURE_AUTORELEASING = YES;
				CLANG_WARN_BOOL_CONVERSION = YES;
				CLANG_WARN_COMMA = YES;
				CLANG_WARN_CONSTANT_CONVERSION = YES;
				CLANG_WARN_DEPRECATED_OBJC_IMPLEMENTATIONS = YES;
				CLANG_WARN_DIRECT_OBJC_ISA_USAGE = YES_ERROR;
				CLANG_WARN_DOCUMENTATION_COMMENTS = YES;
				CLANG_WARN_EMPTY_BODY = YES;
				CLANG_WARN_ENUM_CONVERSION = YES;
				CLANG_WARN_INFINITE_RECURSION = YES;
				CLANG_WARN_INT_CONVERSION = YES;
				CLANG_WARN_NON_LITERAL_NULL_CONVERSION = YES;
				CLANG_WARN_OBJC_IMPLICIT_RETAIN_SELF = YES;
				CLANG_WARN_OBJC_LITERAL_CONVERSION = YES;
				CLANG_WARN_OBJC_ROOT_CLASS = YES_ERROR;
				CLANG_WARN_RANGE_LOOP_ANALYSIS = YES;
				CLANG_WARN_STRICT_PROTOTYPES = YES;
				CLANG_WARN_SUSPICIOUS_MOVE = YES;
				CLANG_WARN_UNGUARDED_AVAILABILITY = YES_AGGRESSIVE;
				CLANG_WARN_UNREACHABLE_CODE = YES;
				CLANG_WARN__DUPLICATE_METHOD_MATCH = YES;
				CODE_SIGN_IDENTITY = "iPhone Developer";
				COPY_PHASE_STRIP = NO;
				DEBUG_INFORMATION_FORMAT = dwarf;
				ENABLE_STRICT_OBJC_MSGSEND = YES;
				ENABLE_TESTABILITY = YES;
				GCC_C_LANGUAGE_STANDARD = gnu11;
				GCC_DYNAMIC_NO_PIC = NO;
				GCC_NO_COMMON_BLOCKS = YES;
				GCC_OPTIMIZATION_LEVEL = 0;
				GCC_PREPROCESSOR_DEFINITIONS = (
					"DEBUG=1",
					"$(inherited)",
				);
				GCC_WARN_64_TO_32_BIT_CONVERSION = YES;
				GCC_WARN_ABOUT_RETURN_TYPE = YES_ERROR;
				GCC_WARN_UNDECLARED_SELECTOR = YES;
				GCC_WARN_UNINITIALIZED_AUTOS = YES_AGGRESSIVE;
				GCC_WARN_UNUSED_FUNCTION = YES;
				GCC_WARN_UNUSED_VARIABLE = YES;
				IPHONEOS_DEPLOYMENT_TARGET = 12.1;
				MTL_ENABLE_DEBUG_INFO = INCLUDE_SOURCE;
				MTL_FAST_MATH = YES;
				ONLY_ACTIVE_ARCH = YES;
				SDKROOT = iphoneos;
				SWIFT_ACTIVE_COMPILATION_CONDITIONS = DEBUG;
				SWIFT_OPTIMIZATION_LEVEL = "-Onone";
			};
			name = Debug;
		};
		08A3A42221C158CF008E071F /* Release */ = {
			isa = XCBuildConfiguration;
			buildSettings = {
				ALWAYS_SEARCH_USER_PATHS = NO;
				CLANG_ANALYZER_NONNULL = YES;
				CLANG_ANALYZER_NUMBER_OBJECT_CONVERSION = YES_AGGRESSIVE;
				CLANG_CXX_LANGUAGE_STANDARD = "gnu++14";
				CLANG_CXX_LIBRARY = "libc++";
				CLANG_ENABLE_MODULES = YES;
				CLANG_ENABLE_OBJC_ARC = YES;
				CLANG_ENABLE_OBJC_WEAK = YES;
				CLANG_WARN_BLOCK_CAPTURE_AUTORELEASING = YES;
				CLANG_WARN_BOOL_CONVERSION = YES;
				CLANG_WARN_COMMA = YES;
				CLANG_WARN_CONSTANT_CONVERSION = YES;
				CLANG_WARN_DEPRECATED_OBJC_IMPLEMENTATIONS = YES;
				CLANG_WARN_DIRECT_OBJC_ISA_USAGE = YES_ERROR;
				CLANG_WARN_DOCUMENTATION_COMMENTS = YES;
				CLANG_WARN_EMPTY_BODY = YES;
				CLANG_WARN_ENUM_CONVERSION = YES;
				CLANG_WARN_INFINITE_RECURSION = YES;
				CLANG_WARN_INT_CONVERSION = YES;
				CLANG_WARN_NON_LITERAL_NULL_CONVERSION = YES;
				CLANG_WARN_OBJC_IMPLICIT_RETAIN_SELF = YES;
				CLANG_WARN_OBJC_LITERAL_CONVERSION = YES;
				CLANG_WARN_OBJC_ROOT_CLASS = YES_ERROR;
				CLANG_WARN_RANGE_LOOP_ANALYSIS = YES;
				CLANG_WARN_STRICT_PROTOTYPES = YES;
				CLANG_WARN_SUSPICIOUS_MOVE = YES;
				CLANG_WARN_UNGUARDED_AVAILABILITY = YES_AGGRESSIVE;
				CLANG_WARN_UNREACHABLE_CODE = YES;
				CLANG_WARN__DUPLICATE_METHOD_MATCH = YES;
				CODE_SIGN_IDENTITY = "iPhone Developer";
				COPY_PHASE_STRIP = NO;
				DEBUG_INFORMATION_FORMAT = "dwarf-with-dsym";
				ENABLE_NS_ASSERTIONS = NO;
				ENABLE_STRICT_OBJC_MSGSEND = YES;
				GCC_C_LANGUAGE_STANDARD = gnu11;
				GCC_NO_COMMON_BLOCKS = YES;
				GCC_WARN_64_TO_32_BIT_CONVERSION = YES;
				GCC_WARN_ABOUT_RETURN_TYPE = YES_ERROR;
				GCC_WARN_UNDECLARED_SELECTOR = YES;
				GCC_WARN_UNINITIALIZED_AUTOS = YES_AGGRESSIVE;
				GCC_WARN_UNUSED_FUNCTION = YES;
				GCC_WARN_UNUSED_VARIABLE = YES;
				IPHONEOS_DEPLOYMENT_TARGET = 12.1;
				MTL_ENABLE_DEBUG_INFO = NO;
				MTL_FAST_MATH = YES;
				SDKROOT = iphoneos;
				SWIFT_COMPILATION_MODE = wholemodule;
				SWIFT_OPTIMIZATION_LEVEL = "-O";
				VALIDATE_PRODUCT = YES;
			};
			name = Release;
		};
		08A3A42421C158CF008E071F /* Debug */ = {
			isa = XCBuildConfiguration;
			buildSettings = {
				ASSETCATALOG_COMPILER_APPICON_NAME = AppIcon;
				CODE_SIGN_STYLE = Automatic;
				DEVELOPMENT_TEAM = 3BXQF9Q7GT;
				INFOPLIST_FILE = xsh/Info.plist;
				LD_RUNPATH_SEARCH_PATHS = (
					"$(inherited)",
					"@executable_path/Frameworks",
				);
				PRODUCT_BUNDLE_IDENTIFIER = com.wwzb.xsh;
				PRODUCT_NAME = "$(TARGET_NAME)";
				SWIFT_VERSION = 4.2;
				TARGETED_DEVICE_FAMILY = "1,2";
			};
			name = Debug;
		};
		08A3A42521C158CF008E071F /* Release */ = {
			isa = XCBuildConfiguration;
			buildSettings = {
				ASSETCATALOG_COMPILER_APPICON_NAME = AppIcon;
				CODE_SIGN_STYLE = Automatic;
				DEVELOPMENT_TEAM = 3BXQF9Q7GT;
				INFOPLIST_FILE = xsh/Info.plist;
				LD_RUNPATH_SEARCH_PATHS = (
					"$(inherited)",
					"@executable_path/Frameworks",
				);
				PRODUCT_BUNDLE_IDENTIFIER = com.wwzb.xsh;
				PRODUCT_NAME = "$(TARGET_NAME)";
				SWIFT_VERSION = 4.2;
				TARGETED_DEVICE_FAMILY = "1,2";
			};
			name = Release;
		};
		08A3A42721C158CF008E071F /* Debug */ = {
			isa = XCBuildConfiguration;
			buildSettings = {
				ALWAYS_EMBED_SWIFT_STANDARD_LIBRARIES = YES;
				BUNDLE_LOADER = "$(TEST_HOST)";
				CODE_SIGN_STYLE = Automatic;
				DEVELOPMENT_TEAM = 3BXQF9Q7GT;
				INFOPLIST_FILE = xshTests/Info.plist;
				LD_RUNPATH_SEARCH_PATHS = (
					"$(inherited)",
					"@executable_path/Frameworks",
					"@loader_path/Frameworks",
				);
				PRODUCT_BUNDLE_IDENTIFIER = com.wwzb.xshTests;
				PRODUCT_NAME = "$(TARGET_NAME)";
				SWIFT_VERSION = 4.2;
				TARGETED_DEVICE_FAMILY = "1,2";
				TEST_HOST = "$(BUILT_PRODUCTS_DIR)/xsh.app/xsh";
			};
			name = Debug;
		};
		08A3A42821C158CF008E071F /* Release */ = {
			isa = XCBuildConfiguration;
			buildSettings = {
				ALWAYS_EMBED_SWIFT_STANDARD_LIBRARIES = YES;
				BUNDLE_LOADER = "$(TEST_HOST)";
				CODE_SIGN_STYLE = Automatic;
				DEVELOPMENT_TEAM = 3BXQF9Q7GT;
				INFOPLIST_FILE = xshTests/Info.plist;
				LD_RUNPATH_SEARCH_PATHS = (
					"$(inherited)",
					"@executable_path/Frameworks",
					"@loader_path/Frameworks",
				);
				PRODUCT_BUNDLE_IDENTIFIER = com.wwzb.xshTests;
				PRODUCT_NAME = "$(TARGET_NAME)";
				SWIFT_VERSION = 4.2;
				TARGETED_DEVICE_FAMILY = "1,2";
				TEST_HOST = "$(BUILT_PRODUCTS_DIR)/xsh.app/xsh";
			};
			name = Release;
		};
		08A3A42A21C158CF008E071F /* Debug */ = {
			isa = XCBuildConfiguration;
			buildSettings = {
				ALWAYS_EMBED_SWIFT_STANDARD_LIBRARIES = YES;
				CODE_SIGN_STYLE = Automatic;
				DEVELOPMENT_TEAM = 3BXQF9Q7GT;
				INFOPLIST_FILE = xshUITests/Info.plist;
				LD_RUNPATH_SEARCH_PATHS = (
					"$(inherited)",
					"@executable_path/Frameworks",
					"@loader_path/Frameworks",
				);
				PRODUCT_BUNDLE_IDENTIFIER = com.wwzb.xshUITests;
				PRODUCT_NAME = "$(TARGET_NAME)";
				SWIFT_VERSION = 4.2;
				TARGETED_DEVICE_FAMILY = "1,2";
				TEST_TARGET_NAME = xsh;
			};
			name = Debug;
		};
		08A3A42B21C158CF008E071F /* Release */ = {
			isa = XCBuildConfiguration;
			buildSettings = {
				ALWAYS_EMBED_SWIFT_STANDARD_LIBRARIES = YES;
				CODE_SIGN_STYLE = Automatic;
				DEVELOPMENT_TEAM = 3BXQF9Q7GT;
				INFOPLIST_FILE = xshUITests/Info.plist;
				LD_RUNPATH_SEARCH_PATHS = (
					"$(inherited)",
					"@executable_path/Frameworks",
					"@loader_path/Frameworks",
				);
				PRODUCT_BUNDLE_IDENTIFIER = com.wwzb.xshUITests;
				PRODUCT_NAME = "$(TARGET_NAME)";
				SWIFT_VERSION = 4.2;
				TARGETED_DEVICE_FAMILY = "1,2";
				TEST_TARGET_NAME = xsh;
			};
			name = Release;
		};
/* End XCBuildConfiguration section */

/* Begin XCConfigurationList section */
		08A3A3F321C158CD008E071F /* Build configuration list for PBXProject "xsh" */ = {
			isa = XCConfigurationList;
			buildConfigurations = (
				08A3A42121C158CF008E071F /* Debug */,
				08A3A42221C158CF008E071F /* Release */,
			);
			defaultConfigurationIsVisible = 0;
			defaultConfigurationName = Release;
		};
		08A3A42321C158CF008E071F /* Build configuration list for PBXNativeTarget "xsh" */ = {
			isa = XCConfigurationList;
			buildConfigurations = (
				08A3A42421C158CF008E071F /* Debug */,
				08A3A42521C158CF008E071F /* Release */,
			);
			defaultConfigurationIsVisible = 0;
			defaultConfigurationName = Release;
		};
		08A3A42621C158CF008E071F /* Build configuration list for PBXNativeTarget "xshTests" */ = {
			isa = XCConfigurationList;
			buildConfigurations = (
				08A3A42721C158CF008E071F /* Debug */,
				08A3A42821C158CF008E071F /* Release */,
			);
			defaultConfigurationIsVisible = 0;
			defaultConfigurationName = Release;
		};
		08A3A42921C158CF008E071F /* Build configuration list for PBXNativeTarget "xshUITests" */ = {
			isa = XCConfigurationList;
			buildConfigurations = (
				08A3A42A21C158CF008E071F /* Debug */,
				08A3A42B21C158CF008E071F /* Release */,
			);
			defaultConfigurationIsVisible = 0;
			defaultConfigurationName = Release;
		};
/* End XCConfigurationList section */

/* Begin XCVersionGroup section */
		08A3A40221C158CD008E071F /* xsh.xcdatamodeld */ = {
			isa = XCVersionGroup;
			children = (
				08A3A40321C158CD008E071F /* xsh.xcdatamodel */,
			);
			currentVersion = 08A3A40321C158CD008E071F /* xsh.xcdatamodel */;
			path = xsh.xcdatamodeld;
			sourceTree = "<group>";
			versionGroupType = wrapper.xcdatamodel;
		};
/* End XCVersionGroup section */
	};
	rootObject = 08A3A3F021C158CD008E071F /* Project object */;
}
