// !$*UTF8*$!
{
	archiveVersion = 1;
	classes = {
	};
	objectVersion = 50;
	objects = {

/* Begin PBXBuildFile section */
		0807CA9621C7C47700967692 /* LocalData.swift in Sources */ = {isa = PBXBuildFile; fileRef = 0807CA9421C7C47700967692 /* LocalData.swift */; };
		0807CA9721C7C47700967692 /* LYProgressHUD.swift in Sources */ = {isa = PBXBuildFile; fileRef = 0807CA9521C7C47700967692 /* LYProgressHUD.swift */; };
		0861B83221C29703008795E5 /* NetTools.swift in Sources */ = {isa = PBXBuildFile; fileRef = 0861B83121C29703008795E5 /* NetTools.swift */; };
		0861B83421C2971A008795E5 /* NetApis.swift in Sources */ = {isa = PBXBuildFile; fileRef = 0861B83321C2971A008795E5 /* NetApis.swift */; };
		0861B83621C297BF008795E5 /* Date+Category.swift in Sources */ = {isa = PBXBuildFile; fileRef = 0861B83521C297BF008795E5 /* Date+Category.swift */; };
		0861B83D21C29D0D008795E5 /* Login.storyboard in Resources */ = {isa = PBXBuildFile; fileRef = 0861B83C21C29D0D008795E5 /* Login.storyboard */; };
		0861B84021C29D74008795E5 /* BaseViewController.swift in Sources */ = {isa = PBXBuildFile; fileRef = 0861B83F21C29D74008795E5 /* BaseViewController.swift */; };
		0861B84221C29DC0008795E5 /* BaseTableViewController.swift in Sources */ = {isa = PBXBuildFile; fileRef = 0861B84121C29DC0008795E5 /* BaseTableViewController.swift */; };
		0861B84821C52E29008795E5 /* LoginViewController.swift in Sources */ = {isa = PBXBuildFile; fileRef = 0861B84721C52E29008795E5 /* LoginViewController.swift */; };
		0861B84A21C53EEB008795E5 /* RegisterViewController.swift in Sources */ = {isa = PBXBuildFile; fileRef = 0861B84921C53EEB008795E5 /* RegisterViewController.swift */; };
		08A3A3FC21C158CD008E071F /* AppDelegate.swift in Sources */ = {isa = PBXBuildFile; fileRef = 08A3A3FB21C158CD008E071F /* AppDelegate.swift */; };
		08A3A3FE21C158CD008E071F /* ViewController.swift in Sources */ = {isa = PBXBuildFile; fileRef = 08A3A3FD21C158CD008E071F /* ViewController.swift */; };
		08A3A40121C158CD008E071F /* Main.storyboard in Resources */ = {isa = PBXBuildFile; fileRef = 08A3A3FF21C158CD008E071F /* Main.storyboard */; };
		08A3A40421C158CD008E071F /* xsh.xcdatamodeld in Sources */ = {isa = PBXBuildFile; fileRef = 08A3A40221C158CD008E071F /* xsh.xcdatamodeld */; };
		08A3A40621C158CE008E071F /* Assets.xcassets in Resources */ = {isa = PBXBuildFile; fileRef = 08A3A40521C158CE008E071F /* Assets.xcassets */; };
		08A3A40921C158CE008E071F /* LaunchScreen.storyboard in Resources */ = {isa = PBXBuildFile; fileRef = 08A3A40721C158CE008E071F /* LaunchScreen.storyboard */; };
		08A3A41421C158CF008E071F /* xshTests.swift in Sources */ = {isa = PBXBuildFile; fileRef = 08A3A41321C158CF008E071F /* xshTests.swift */; };
		08A3A41F21C158CF008E071F /* xshUITests.swift in Sources */ = {isa = PBXBuildFile; fileRef = 08A3A41E21C158CF008E071F /* xshUITests.swift */; };
		08A3A44D21C1664E008E071F /* PersonalViewController.swift in Sources */ = {isa = PBXBuildFile; fileRef = 08A3A44C21C1664E008E071F /* PersonalViewController.swift */; };
		08A3A44F21C16659008E071F /* ShopViewController.swift in Sources */ = {isa = PBXBuildFile; fileRef = 08A3A44E21C16659008E071F /* ShopViewController.swift */; };
		08A3A45121C16663008E071F /* MessageViewController.swift in Sources */ = {isa = PBXBuildFile; fileRef = 08A3A45021C16663008E071F /* MessageViewController.swift */; };
		08A3A45321C1666E008E071F /* CouponViewController.swift in Sources */ = {isa = PBXBuildFile; fileRef = 08A3A45221C1666E008E071F /* CouponViewController.swift */; };
		08A3A46421C168B6008E071F /* UIViewController+Category.swift in Sources */ = {isa = PBXBuildFile; fileRef = 08A3A45721C168B6008E071F /* UIViewController+Category.swift */; };
		08A3A46521C168B6008E071F /* UIView+Category.swift in Sources */ = {isa = PBXBuildFile; fileRef = 08A3A45821C168B6008E071F /* UIView+Category.swift */; };
		08A3A46621C168B6008E071F /* Array+Category.swift in Sources */ = {isa = PBXBuildFile; fileRef = 08A3A45921C168B6008E071F /* Array+Category.swift */; };
		08A3A46721C168B6008E071F /* UILabel+Category.swift in Sources */ = {isa = PBXBuildFile; fileRef = 08A3A45A21C168B6008E071F /* UILabel+Category.swift */; };
		08A3A46821C168B6008E071F /* NSObject+Extension.swift in Sources */ = {isa = PBXBuildFile; fileRef = 08A3A45B21C168B6008E071F /* NSObject+Extension.swift */; };
		08A3A46921C168B6008E071F /* UIColor+Category.swift in Sources */ = {isa = PBXBuildFile; fileRef = 08A3A45C21C168B6008E071F /* UIColor+Category.swift */; };
		08A3A46B21C168B6008E071F /* DeviceSystemHelper.swift in Sources */ = {isa = PBXBuildFile; fileRef = 08A3A45E21C168B6008E071F /* DeviceSystemHelper.swift */; };
		08A3A46C21C168B6008E071F /* String+Category.swift in Sources */ = {isa = PBXBuildFile; fileRef = 08A3A45F21C168B6008E071F /* String+Category.swift */; };
		08A3A46D21C168B6008E071F /* LYTabBar.swift in Sources */ = {isa = PBXBuildFile; fileRef = 08A3A46121C168B6008E071F /* LYTabBar.swift */; };
		08A3A46E21C168B6008E071F /* LYTabBarController.swift in Sources */ = {isa = PBXBuildFile; fileRef = 08A3A46221C168B6008E071F /* LYTabBarController.swift */; };
		08A3A46F21C168B6008E071F /* LYNavigationController.swift in Sources */ = {isa = PBXBuildFile; fileRef = 08A3A46321C168B6008E071F /* LYNavigationController.swift */; };
		1C023EFB7E640A320BF3D511 /* Pods_xshUITests.framework in Frameworks */ = {isa = PBXBuildFile; fileRef = 8B41FC1B3E51B3DF767FDD7E /* Pods_xshUITests.framework */; };
		B51518A09651DE7E368B4C17 /* Pods_xshTests.framework in Frameworks */ = {isa = PBXBuildFile; fileRef = 6D820356A581154B9C009BF4 /* Pods_xshTests.framework */; };
		D172ACE60C20138662B56A49 /* Pods_xsh.framework in Frameworks */ = {isa = PBXBuildFile; fileRef = 74ED8112C2C49640BC0E8A1E /* Pods_xsh.framework */; };
/* End PBXBuildFile section */

/* Begin PBXContainerItemProxy section */
		08A3A41021C158CF008E071F /* PBXContainerItemProxy */ = {
			isa = PBXContainerItemProxy;
			containerPortal = 08A3A3F021C158CD008E071F /* Project object */;
			proxyType = 1;
			remoteGlobalIDString = 08A3A3F721C158CD008E071F;
			remoteInfo = xsh;
		};
		08A3A41B21C158CF008E071F /* PBXContainerItemProxy */ = {
			isa = PBXContainerItemProxy;
			containerPortal = 08A3A3F021C158CD008E071F /* Project object */;
			proxyType = 1;
			remoteGlobalIDString = 08A3A3F721C158CD008E071F;
			remoteInfo = xsh;
		};
/* End PBXContainerItemProxy section */

/* Begin PBXFileReference section */
		0807CA9421C7C47700967692 /* LocalData.swift */ = {isa = PBXFileReference; fileEncoding = 4; lastKnownFileType = sourcecode.swift; path = LocalData.swift; sourceTree = "<group>"; };
		0807CA9521C7C47700967692 /* LYProgressHUD.swift */ = {isa = PBXFileReference; fileEncoding = 4; lastKnownFileType = sourcecode.swift; path = LYProgressHUD.swift; sourceTree = "<group>"; };
		0807CA9821C7D70F00967692 /* xsh.entitlements */ = {isa = PBXFileReference; lastKnownFileType = text.plist.entitlements; path = xsh.entitlements; sourceTree = "<group>"; };
		0861B83121C29703008795E5 /* NetTools.swift */ = {isa = PBXFileReference; lastKnownFileType = sourcecode.swift; path = NetTools.swift; sourceTree = "<group>"; };
		0861B83321C2971A008795E5 /* NetApis.swift */ = {isa = PBXFileReference; lastKnownFileType = sourcecode.swift; path = NetApis.swift; sourceTree = "<group>"; };
		0861B83521C297BF008795E5 /* Date+Category.swift */ = {isa = PBXFileReference; fileEncoding = 4; lastKnownFileType = sourcecode.swift; path = "Date+Category.swift"; sourceTree = "<group>"; };
		0861B83721C29807008795E5 /* xsh-Bridging-Header.h */ = {isa = PBXFileReference; lastKnownFileType = sourcecode.c.h; path = "xsh-Bridging-Header.h"; sourceTree = "<group>"; };
		0861B83C21C29D0D008795E5 /* Login.storyboard */ = {isa = PBXFileReference; lastKnownFileType = file.storyboard; path = Login.storyboard; sourceTree = "<group>"; };
		0861B83F21C29D74008795E5 /* BaseViewController.swift */ = {isa = PBXFileReference; lastKnownFileType = sourcecode.swift; path = BaseViewController.swift; sourceTree = "<group>"; };
		0861B84121C29DC0008795E5 /* BaseTableViewController.swift */ = {isa = PBXFileReference; lastKnownFileType = sourcecode.swift; path = BaseTableViewController.swift; sourceTree = "<group>"; };
		0861B84721C52E29008795E5 /* LoginViewController.swift */ = {isa = PBXFileReference; lastKnownFileType = sourcecode.swift; path = LoginViewController.swift; sourceTree = "<group>"; };
		0861B84921C53EEB008795E5 /* RegisterViewController.swift */ = {isa = PBXFileReference; lastKnownFileType = sourcecode.swift; path = RegisterViewController.swift; sourceTree = "<group>"; };
		08A3A3F821C158CD008E071F /* xsh.app */ = {isa = PBXFileReference; explicitFileType = wrapper.application; includeInIndex = 0; path = xsh.app; sourceTree = BUILT_PRODUCTS_DIR; };
		08A3A3FB21C158CD008E071F /* AppDelegate.swift */ = {isa = PBXFileReference; lastKnownFileType = sourcecode.swift; path = AppDelegate.swift; sourceTree = "<group>"; };
		08A3A3FD21C158CD008E071F /* ViewController.swift */ = {isa = PBXFileReference; lastKnownFileType = sourcecode.swift; path = ViewController.swift; sourceTree = "<group>"; };
		08A3A40021C158CD008E071F /* Base */ = {isa = PBXFileReference; lastKnownFileType = file.storyboard; name = Base; path = Base.lproj/Main.storyboard; sourceTree = "<group>"; };
		08A3A40321C158CD008E071F /* xsh.xcdatamodel */ = {isa = PBXFileReference; lastKnownFileType = wrapper.xcdatamodel; path = xsh.xcdatamodel; sourceTree = "<group>"; };
		08A3A40521C158CE008E071F /* Assets.xcassets */ = {isa = PBXFileReference; lastKnownFileType = folder.assetcatalog; path = Assets.xcassets; sourceTree = "<group>"; };
		08A3A40821C158CE008E071F /* Base */ = {isa = PBXFileReference; lastKnownFileType = file.storyboard; name = Base; path = Base.lproj/LaunchScreen.storyboard; sourceTree = "<group>"; };
		08A3A40A21C158CE008E071F /* Info.plist */ = {isa = PBXFileReference; lastKnownFileType = text.plist.xml; path = Info.plist; sourceTree = "<group>"; };
		08A3A40F21C158CF008E071F /* xshTests.xctest */ = {isa = PBXFileReference; explicitFileType = wrapper.cfbundle; includeInIndex = 0; path = xshTests.xctest; sourceTree = BUILT_PRODUCTS_DIR; };
		08A3A41321C158CF008E071F /* xshTests.swift */ = {isa = PBXFileReference; lastKnownFileType = sourcecode.swift; path = xshTests.swift; sourceTree = "<group>"; };
		08A3A41521C158CF008E071F /* Info.plist */ = {isa = PBXFileReference; lastKnownFileType = text.plist.xml; path = Info.plist; sourceTree = "<group>"; };
		08A3A41A21C158CF008E071F /* xshUITests.xctest */ = {isa = PBXFileReference; explicitFileType = wrapper.cfbundle; includeInIndex = 0; path = xshUITests.xctest; sourceTree = BUILT_PRODUCTS_DIR; };
		08A3A41E21C158CF008E071F /* xshUITests.swift */ = {isa = PBXFileReference; lastKnownFileType = sourcecode.swift; path = xshUITests.swift; sourceTree = "<group>"; };
		08A3A42021C158CF008E071F /* Info.plist */ = {isa = PBXFileReference; lastKnownFileType = text.plist.xml; path = Info.plist; sourceTree = "<group>"; };
		08A3A44C21C1664E008E071F /* PersonalViewController.swift */ = {isa = PBXFileReference; lastKnownFileType = sourcecode.swift; path = PersonalViewController.swift; sourceTree = "<group>"; };
		08A3A44E21C16659008E071F /* ShopViewController.swift */ = {isa = PBXFileReference; lastKnownFileType = sourcecode.swift; path = ShopViewController.swift; sourceTree = "<group>"; };
		08A3A45021C16663008E071F /* MessageViewController.swift */ = {isa = PBXFileReference; lastKnownFileType = sourcecode.swift; path = MessageViewController.swift; sourceTree = "<group>"; };
		08A3A45221C1666E008E071F /* CouponViewController.swift */ = {isa = PBXFileReference; lastKnownFileType = sourcecode.swift; path = CouponViewController.swift; sourceTree = "<group>"; };
		08A3A45721C168B6008E071F /* UIViewController+Category.swift */ = {isa = PBXFileReference; fileEncoding = 4; lastKnownFileType = sourcecode.swift; path = "UIViewController+Category.swift"; sourceTree = "<group>"; };
		08A3A45821C168B6008E071F /* UIView+Category.swift */ = {isa = PBXFileReference; fileEncoding = 4; lastKnownFileType = sourcecode.swift; path = "UIView+Category.swift"; sourceTree = "<group>"; };
		08A3A45921C168B6008E071F /* Array+Category.swift */ = {isa = PBXFileReference; fileEncoding = 4; lastKnownFileType = sourcecode.swift; path = "Array+Category.swift"; sourceTree = "<group>"; };
		08A3A45A21C168B6008E071F /* UILabel+Category.swift */ = {isa = PBXFileReference; fileEncoding = 4; lastKnownFileType = sourcecode.swift; path = "UILabel+Category.swift"; sourceTree = "<group>"; };
		08A3A45B21C168B6008E071F /* NSObject+Extension.swift */ = {isa = PBXFileReference; fileEncoding = 4; lastKnownFileType = sourcecode.swift; path = "NSObject+Extension.swift"; sourceTree = "<group>"; };
		08A3A45C21C168B6008E071F /* UIColor+Category.swift */ = {isa = PBXFileReference; fileEncoding = 4; lastKnownFileType = sourcecode.swift; path = "UIColor+Category.swift"; sourceTree = "<group>"; };
		08A3A45E21C168B6008E071F /* DeviceSystemHelper.swift */ = {isa = PBXFileReference; fileEncoding = 4; lastKnownFileType = sourcecode.swift; path = DeviceSystemHelper.swift; sourceTree = "<group>"; };
		08A3A45F21C168B6008E071F /* String+Category.swift */ = {isa = PBXFileReference; fileEncoding = 4; lastKnownFileType = sourcecode.swift; path = "String+Category.swift"; sourceTree = "<group>"; };
		08A3A46121C168B6008E071F /* LYTabBar.swift */ = {isa = PBXFileReference; fileEncoding = 4; lastKnownFileType = sourcecode.swift; path = LYTabBar.swift; sourceTree = "<group>"; };
		08A3A46221C168B6008E071F /* LYTabBarController.swift */ = {isa = PBXFileReference; fileEncoding = 4; lastKnownFileType = sourcecode.swift; path = LYTabBarController.swift; sourceTree = "<group>"; };
		08A3A46321C168B6008E071F /* LYNavigationController.swift */ = {isa = PBXFileReference; fileEncoding = 4; lastKnownFileType = sourcecode.swift; path = LYNavigationController.swift; sourceTree = "<group>"; };
		222CBFCB20CE17CE8E2FBDE3 /* Pods-xsh.release.xcconfig */ = {isa = PBXFileReference; includeInIndex = 1; lastKnownFileType = text.xcconfig; name = "Pods-xsh.release.xcconfig"; path = "Pods/Target Support Files/Pods-xsh/Pods-xsh.release.xcconfig"; sourceTree = "<group>"; };
		5B28B3D46E368790652851A7 /* Pods-xshTests.debug.xcconfig */ = {isa = PBXFileReference; includeInIndex = 1; lastKnownFileType = text.xcconfig; name = "Pods-xshTests.debug.xcconfig"; path = "Pods/Target Support Files/Pods-xshTests/Pods-xshTests.debug.xcconfig"; sourceTree = "<group>"; };
		6A20976A1C316D32232167B9 /* Pods-xshUITests.release.xcconfig */ = {isa = PBXFileReference; includeInIndex = 1; lastKnownFileType = text.xcconfig; name = "Pods-xshUITests.release.xcconfig"; path = "Pods/Target Support Files/Pods-xshUITests/Pods-xshUITests.release.xcconfig"; sourceTree = "<group>"; };
		6D820356A581154B9C009BF4 /* Pods_xshTests.framework */ = {isa = PBXFileReference; explicitFileType = wrapper.framework; includeInIndex = 0; path = Pods_xshTests.framework; sourceTree = BUILT_PRODUCTS_DIR; };
		705FBC0623948395BA553FA3 /* Pods-xshTests.release.xcconfig */ = {isa = PBXFileReference; includeInIndex = 1; lastKnownFileType = text.xcconfig; name = "Pods-xshTests.release.xcconfig"; path = "Pods/Target Support Files/Pods-xshTests/Pods-xshTests.release.xcconfig"; sourceTree = "<group>"; };
		74ED8112C2C49640BC0E8A1E /* Pods_xsh.framework */ = {isa = PBXFileReference; explicitFileType = wrapper.framework; includeInIndex = 0; path = Pods_xsh.framework; sourceTree = BUILT_PRODUCTS_DIR; };
		84141BCB48708816FFDA534A /* Pods-xshUITests.debug.xcconfig */ = {isa = PBXFileReference; includeInIndex = 1; lastKnownFileType = text.xcconfig; name = "Pods-xshUITests.debug.xcconfig"; path = "Pods/Target Support Files/Pods-xshUITests/Pods-xshUITests.debug.xcconfig"; sourceTree = "<group>"; };
		8B41FC1B3E51B3DF767FDD7E /* Pods_xshUITests.framework */ = {isa = PBXFileReference; explicitFileType = wrapper.framework; includeInIndex = 0; path = Pods_xshUITests.framework; sourceTree = BUILT_PRODUCTS_DIR; };
		F849972562B5ACBF3C79FEAE /* Pods-xsh.debug.xcconfig */ = {isa = PBXFileReference; includeInIndex = 1; lastKnownFileType = text.xcconfig; name = "Pods-xsh.debug.xcconfig"; path = "Pods/Target Support Files/Pods-xsh/Pods-xsh.debug.xcconfig"; sourceTree = "<group>"; };
/* End PBXFileReference section */

/* Begin PBXFrameworksBuildPhase section */
		08A3A3F521C158CD008E071F /* Frameworks */ = {
			isa = PBXFrameworksBuildPhase;
			buildActionMask = 2147483647;
			files = (
				D172ACE60C20138662B56A49 /* Pods_xsh.framework in Frameworks */,
			);
			runOnlyForDeploymentPostprocessing = 0;
		};
		08A3A40C21C158CF008E071F /* Frameworks */ = {
			isa = PBXFrameworksBuildPhase;
			buildActionMask = 2147483647;
			files = (
				B51518A09651DE7E368B4C17 /* Pods_xshTests.framework in Frameworks */,
			);
			runOnlyForDeploymentPostprocessing = 0;
		};
		08A3A41721C158CF008E071F /* Frameworks */ = {
			isa = PBXFrameworksBuildPhase;
			buildActionMask = 2147483647;
			files = (
				1C023EFB7E640A320BF3D511 /* Pods_xshUITests.framework in Frameworks */,
			);
			runOnlyForDeploymentPostprocessing = 0;
		};
/* End PBXFrameworksBuildPhase section */

/* Begin PBXGroup section */
		0807CA9321C7C47700967692 /* comment */ = {
			isa = PBXGroup;
			children = (
				0807CA9421C7C47700967692 /* LocalData.swift */,
				0807CA9521C7C47700967692 /* LYProgressHUD.swift */,
			);
			path = comment;
			sourceTree = "<group>";
		};
		0861B83021C29690008795E5 /* net */ = {
			isa = PBXGroup;
			children = (
				0861B83121C29703008795E5 /* NetTools.swift */,
				0861B83321C2971A008795E5 /* NetApis.swift */,
			);
			path = net;
			sourceTree = "<group>";
		};
		0861B83B21C29CC9008795E5 /* login */ = {
			isa = PBXGroup;
			children = (
				0861B83E21C29D37008795E5 /* views */,
				0861B83C21C29D0D008795E5 /* Login.storyboard */,
			);
			path = login;
			sourceTree = "<group>";
		};
		0861B83E21C29D37008795E5 /* views */ = {
			isa = PBXGroup;
			children = (
				0861B84721C52E29008795E5 /* LoginViewController.swift */,
				0861B84921C53EEB008795E5 /* RegisterViewController.swift */,
			);
			path = views;
			sourceTree = "<group>";
		};
		08A3A3EF21C158CD008E071F = {
			isa = PBXGroup;
			children = (
				08A3A3FA21C158CD008E071F /* xsh */,
				08A3A41221C158CF008E071F /* xshTests */,
				08A3A41D21C158CF008E071F /* xshUITests */,
				08A3A3F921C158CD008E071F /* Products */,
				B8E0DB1E003DFDA4104AB886 /* Pods */,
				58751821874EFABE7E7CB9A3 /* Frameworks */,
			);
			sourceTree = "<group>";
		};
		08A3A3F921C158CD008E071F /* Products */ = {
			isa = PBXGroup;
			children = (
				08A3A3F821C158CD008E071F /* xsh.app */,
				08A3A40F21C158CF008E071F /* xshTests.xctest */,
				08A3A41A21C158CF008E071F /* xshUITests.xctest */,
			);
			name = Products;
			sourceTree = "<group>";
		};
		08A3A3FA21C158CD008E071F /* xsh */ = {
			isa = PBXGroup;
			children = (
				0807CA9821C7D70F00967692 /* xsh.entitlements */,
				08A3A45421C168B6008E071F /* helps */,
				08A3A42E21C16405008E071F /* app */,
				08A3A3FB21C158CD008E071F /* AppDelegate.swift */,
				08A3A3FD21C158CD008E071F /* ViewController.swift */,
				08A3A3FF21C158CD008E071F /* Main.storyboard */,
				08A3A40521C158CE008E071F /* Assets.xcassets */,
				08A3A40721C158CE008E071F /* LaunchScreen.storyboard */,
				08A3A40A21C158CE008E071F /* Info.plist */,
				08A3A40221C158CD008E071F /* xsh.xcdatamodeld */,
			);
			path = xsh;
			sourceTree = "<group>";
		};
		08A3A41221C158CF008E071F /* xshTests */ = {
			isa = PBXGroup;
			children = (
				08A3A41321C158CF008E071F /* xshTests.swift */,
				08A3A41521C158CF008E071F /* Info.plist */,
			);
			path = xshTests;
			sourceTree = "<group>";
		};
		08A3A41D21C158CF008E071F /* xshUITests */ = {
			isa = PBXGroup;
			children = (
				08A3A41E21C158CF008E071F /* xshUITests.swift */,
				08A3A42021C158CF008E071F /* Info.plist */,
			);
			path = xshUITests;
			sourceTree = "<group>";
		};
		08A3A42E21C16405008E071F /* app */ = {
			isa = PBXGroup;
			children = (
				0861B83B21C29CC9008795E5 /* login */,
				08A3A42F21C16405008E071F /* personal */,
				08A3A43021C16405008E071F /* shop */,
				08A3A43121C16405008E071F /* message */,
				08A3A43221C16405008E071F /* coupon */,
			);
			path = app;
			sourceTree = "<group>";
		};
		08A3A42F21C16405008E071F /* personal */ = {
			isa = PBXGroup;
			children = (
				08A3A44C21C1664E008E071F /* PersonalViewController.swift */,
			);
			path = personal;
			sourceTree = "<group>";
		};
		08A3A43021C16405008E071F /* shop */ = {
			isa = PBXGroup;
			children = (
				08A3A44E21C16659008E071F /* ShopViewController.swift */,
			);
			path = shop;
			sourceTree = "<group>";
		};
		08A3A43121C16405008E071F /* message */ = {
			isa = PBXGroup;
			children = (
				08A3A45021C16663008E071F /* MessageViewController.swift */,
			);
			path = message;
			sourceTree = "<group>";
		};
		08A3A43221C16405008E071F /* coupon */ = {
			isa = PBXGroup;
			children = (
				08A3A45221C1666E008E071F /* CouponViewController.swift */,
			);
			path = coupon;
			sourceTree = "<group>";
		};
		08A3A45421C168B6008E071F /* helps */ = {
			isa = PBXGroup;
			children = (
				0807CA9321C7C47700967692 /* comment */,
				0861B83021C29690008795E5 /* net */,
				08A3A45521C168B6008E071F /* libs */,
			);
			path = helps;
			sourceTree = "<group>";
		};
		08A3A45521C168B6008E071F /* libs */ = {
			isa = PBXGroup;
			children = (
				08A3A45621C168B6008E071F /* category */,
				08A3A46021C168B6008E071F /* nav_bar */,
				0861B83721C29807008795E5 /* xsh-Bridging-Header.h */,
			);
			path = libs;
			sourceTree = "<group>";
		};
		08A3A45621C168B6008E071F /* category */ = {
			isa = PBXGroup;
			children = (
				0861B83521C297BF008795E5 /* Date+Category.swift */,
				08A3A45721C168B6008E071F /* UIViewController+Category.swift */,
				08A3A45821C168B6008E071F /* UIView+Category.swift */,
				08A3A45921C168B6008E071F /* Array+Category.swift */,
				08A3A45A21C168B6008E071F /* UILabel+Category.swift */,
				08A3A45B21C168B6008E071F /* NSObject+Extension.swift */,
				08A3A45C21C168B6008E071F /* UIColor+Category.swift */,
				08A3A45E21C168B6008E071F /* DeviceSystemHelper.swift */,
				08A3A45F21C168B6008E071F /* String+Category.swift */,
			);
			path = category;
			sourceTree = "<group>";
		};
		08A3A46021C168B6008E071F /* nav_bar */ = {
			isa = PBXGroup;
			children = (
				08A3A46121C168B6008E071F /* LYTabBar.swift */,
				08A3A46221C168B6008E071F /* LYTabBarController.swift */,
				08A3A46321C168B6008E071F /* LYNavigationController.swift */,
				0861B83F21C29D74008795E5 /* BaseViewController.swift */,
				0861B84121C29DC0008795E5 /* BaseTableViewController.swift */,
			);
			path = nav_bar;
			sourceTree = "<group>";
		};
		58751821874EFABE7E7CB9A3 /* Frameworks */ = {
			isa = PBXGroup;
			children = (
				74ED8112C2C49640BC0E8A1E /* Pods_xsh.framework */,
				6D820356A581154B9C009BF4 /* Pods_xshTests.framework */,
				8B41FC1B3E51B3DF767FDD7E /* Pods_xshUITests.framework */,
			);
			name = Frameworks;
			sourceTree = "<group>";
		};
		B8E0DB1E003DFDA4104AB886 /* Pods */ = {
			isa = PBXGroup;
			children = (
				F849972562B5ACBF3C79FEAE /* Pods-xsh.debug.xcconfig */,
				222CBFCB20CE17CE8E2FBDE3 /* Pods-xsh.release.xcconfig */,
				5B28B3D46E368790652851A7 /* Pods-xshTests.debug.xcconfig */,
				705FBC0623948395BA553FA3 /* Pods-xshTests.release.xcconfig */,
				84141BCB48708816FFDA534A /* Pods-xshUITests.debug.xcconfig */,
				6A20976A1C316D32232167B9 /* Pods-xshUITests.release.xcconfig */,
			);
			name = Pods;
			sourceTree = "<group>";
		};
/* End PBXGroup section */

/* Begin PBXNativeTarget section */
		08A3A3F721C158CD008E071F /* xsh */ = {
			isa = PBXNativeTarget;
			buildConfigurationList = 08A3A42321C158CF008E071F /* Build configuration list for PBXNativeTarget "xsh" */;
			buildPhases = (
				09F5D4EF3E17BC295CC8673E /* [CP] Check Pods Manifest.lock */,
				08A3A3F421C158CD008E071F /* Sources */,
				08A3A3F521C158CD008E071F /* Frameworks */,
				08A3A3F621C158CD008E071F /* Resources */,
				F34774E5B653253CF8214B87 /* [CP] Embed Pods Frameworks */,
			);
			buildRules = (
			);
			dependencies = (
			);
			name = xsh;
			productName = xsh;
			productReference = 08A3A3F821C158CD008E071F /* xsh.app */;
			productType = "com.apple.product-type.application";
		};
		08A3A40E21C158CF008E071F /* xshTests */ = {
			isa = PBXNativeTarget;
			buildConfigurationList = 08A3A42621C158CF008E071F /* Build configuration list for PBXNativeTarget "xshTests" */;
			buildPhases = (
				447E96445B089F43C4413DE0 /* [CP] Check Pods Manifest.lock */,
				08A3A40B21C158CF008E071F /* Sources */,
				08A3A40C21C158CF008E071F /* Frameworks */,
				08A3A40D21C158CF008E071F /* Resources */,
			);
			buildRules = (
			);
			dependencies = (
				08A3A41121C158CF008E071F /* PBXTargetDependency */,
			);
			name = xshTests;
			productName = xshTests;
			productReference = 08A3A40F21C158CF008E071F /* xshTests.xctest */;
			productType = "com.apple.product-type.bundle.unit-test";
		};
		08A3A41921C158CF008E071F /* xshUITests */ = {
			isa = PBXNativeTarget;
			buildConfigurationList = 08A3A42921C158CF008E071F /* Build configuration list for PBXNativeTarget "xshUITests" */;
			buildPhases = (
				87FD0AD5C248E9EAC04FCBFD /* [CP] Check Pods Manifest.lock */,
				08A3A41621C158CF008E071F /* Sources */,
				08A3A41721C158CF008E071F /* Frameworks */,
				08A3A41821C158CF008E071F /* Resources */,
			);
			buildRules = (
			);
			dependencies = (
				08A3A41C21C158CF008E071F /* PBXTargetDependency */,
			);
			name = xshUITests;
			productName = xshUITests;
			productReference = 08A3A41A21C158CF008E071F /* xshUITests.xctest */;
			productType = "com.apple.product-type.bundle.ui-testing";
		};
/* End PBXNativeTarget section */

/* Begin PBXProject section */
		08A3A3F021C158CD008E071F /* Project object */ = {
			isa = PBXProject;
			attributes = {
				LastSwiftUpdateCheck = 1010;
				LastUpgradeCheck = 1010;
				ORGANIZATIONNAME = wwzb;
				TargetAttributes = {
					08A3A3F721C158CD008E071F = {
						CreatedOnToolsVersion = 10.1;
						LastSwiftMigration = 1010;
						SystemCapabilities = {
							com.apple.Push = {
								enabled = 1;
							};
						};
					};
					08A3A40E21C158CF008E071F = {
						CreatedOnToolsVersion = 10.1;
						TestTargetID = 08A3A3F721C158CD008E071F;
					};
					08A3A41921C158CF008E071F = {
						CreatedOnToolsVersion = 10.1;
						TestTargetID = 08A3A3F721C158CD008E071F;
					};
				};
			};
			buildConfigurationList = 08A3A3F321C158CD008E071F /* Build configuration list for PBXProject "xsh" */;
			compatibilityVersion = "Xcode 9.3";
			developmentRegion = en;
			hasScannedForEncodings = 0;
			knownRegions = (
				en,
				Base,
			);
			mainGroup = 08A3A3EF21C158CD008E071F;
			productRefGroup = 08A3A3F921C158CD008E071F /* Products */;
			projectDirPath = "";
			projectRoot = "";
			targets = (
				08A3A3F721C158CD008E071F /* xsh */,
				08A3A40E21C158CF008E071F /* xshTests */,
				08A3A41921C158CF008E071F /* xshUITests */,
			);
		};
/* End PBXProject section */

/* Begin PBXResourcesBuildPhase section */
		08A3A3F621C158CD008E071F /* Resources */ = {
			isa = PBXResourcesBuildPhase;
			buildActionMask = 2147483647;
			files = (
				0861B83D21C29D0D008795E5 /* Login.storyboard in Resources */,
				08A3A40921C158CE008E071F /* LaunchScreen.storyboard in Resources */,
				08A3A40621C158CE008E071F /* Assets.xcassets in Resources */,
				08A3A40121C158CD008E071F /* Main.storyboard in Resources */,
			);
			runOnlyForDeploymentPostprocessing = 0;
		};
		08A3A40D21C158CF008E071F /* Resources */ = {
			isa = PBXResourcesBuildPhase;
			buildActionMask = 2147483647;
			files = (
			);
			runOnlyForDeploymentPostprocessing = 0;
		};
		08A3A41821C158CF008E071F /* Resources */ = {
			isa = PBXResourcesBuildPhase;
			buildActionMask = 2147483647;
			files = (
			);
			runOnlyForDeploymentPostprocessing = 0;
		};
/* End PBXResourcesBuildPhase section */

/* Begin PBXShellScriptBuildPhase section */
		09F5D4EF3E17BC295CC8673E /* [CP] Check Pods Manifest.lock */ = {
			isa = PBXShellScriptBuildPhase;
			buildActionMask = 2147483647;
			files = (
			);
			inputFileListPaths = (
			);
			inputPaths = (
				"${PODS_PODFILE_DIR_PATH}/Podfile.lock",
				"${PODS_ROOT}/Manifest.lock",
			);
			name = "[CP] Check Pods Manifest.lock";
			outputFileListPaths = (
			);
			outputPaths = (
				"$(DERIVED_FILE_DIR)/Pods-xsh-checkManifestLockResult.txt",
			);
			runOnlyForDeploymentPostprocessing = 0;
			shellPath = /bin/sh;
			shellScript = "diff \"${PODS_PODFILE_DIR_PATH}/Podfile.lock\" \"${PODS_ROOT}/Manifest.lock\" > /dev/null\nif [ $? != 0 ] ; then\n    # print error to STDERR\n    echo \"error: The sandbox is not in sync with the Podfile.lock. Run 'pod install' or update your CocoaPods installation.\" >&2\n    exit 1\nfi\n# This output is used by Xcode 'outputs' to avoid re-running this script phase.\necho \"SUCCESS\" > \"${SCRIPT_OUTPUT_FILE_0}\"\n";
			showEnvVarsInLog = 0;
		};
		447E96445B089F43C4413DE0 /* [CP] Check Pods Manifest.lock */ = {
			isa = PBXShellScriptBuildPhase;
			buildActionMask = 2147483647;
			files = (
			);
			inputFileListPaths = (
			);
			inputPaths = (
				"${PODS_PODFILE_DIR_PATH}/Podfile.lock",
				"${PODS_ROOT}/Manifest.lock",
			);
			name = "[CP] Check Pods Manifest.lock";
			outputFileListPaths = (
			);
			outputPaths = (
				"$(DERIVED_FILE_DIR)/Pods-xshTests-checkManifestLockResult.txt",
			);
			runOnlyForDeploymentPostprocessing = 0;
			shellPath = /bin/sh;
			shellScript = "diff \"${PODS_PODFILE_DIR_PATH}/Podfile.lock\" \"${PODS_ROOT}/Manifest.lock\" > /dev/null\nif [ $? != 0 ] ; then\n    # print error to STDERR\n    echo \"error: The sandbox is not in sync with the Podfile.lock. Run 'pod install' or update your CocoaPods installation.\" >&2\n    exit 1\nfi\n# This output is used by Xcode 'outputs' to avoid re-running this script phase.\necho \"SUCCESS\" > \"${SCRIPT_OUTPUT_FILE_0}\"\n";
			showEnvVarsInLog = 0;
		};
		87FD0AD5C248E9EAC04FCBFD /* [CP] Check Pods Manifest.lock */ = {
			isa = PBXShellScriptBuildPhase;
			buildActionMask = 2147483647;
			files = (
			);
			inputFileListPaths = (
			);
			inputPaths = (
				"${PODS_PODFILE_DIR_PATH}/Podfile.lock",
				"${PODS_ROOT}/Manifest.lock",
			);
			name = "[CP] Check Pods Manifest.lock";
			outputFileListPaths = (
			);
			outputPaths = (
				"$(DERIVED_FILE_DIR)/Pods-xshUITests-checkManifestLockResult.txt",
			);
			runOnlyForDeploymentPostprocessing = 0;
			shellPath = /bin/sh;
			shellScript = "diff \"${PODS_PODFILE_DIR_PATH}/Podfile.lock\" \"${PODS_ROOT}/Manifest.lock\" > /dev/null\nif [ $? != 0 ] ; then\n    # print error to STDERR\n    echo \"error: The sandbox is not in sync with the Podfile.lock. Run 'pod install' or update your CocoaPods installation.\" >&2\n    exit 1\nfi\n# This output is used by Xcode 'outputs' to avoid re-running this script phase.\necho \"SUCCESS\" > \"${SCRIPT_OUTPUT_FILE_0}\"\n";
			showEnvVarsInLog = 0;
		};
		F34774E5B653253CF8214B87 /* [CP] Embed Pods Frameworks */ = {
			isa = PBXShellScriptBuildPhase;
			buildActionMask = 2147483647;
			files = (
			);
			inputFileListPaths = (
			);
			inputPaths = (
				"${SRCROOT}/Pods/Target Support Files/Pods-xsh/Pods-xsh-frameworks.sh",
				"${BUILT_PRODUCTS_DIR}/Alamofire/Alamofire.framework",
				"${BUILT_PRODUCTS_DIR}/AlamofireObjectMapper/AlamofireObjectMapper.framework",
				"${BUILT_PRODUCTS_DIR}/DGElasticPullToRefresh/DGElasticPullToRefresh.framework",
				"${BUILT_PRODUCTS_DIR}/Kingfisher/Kingfisher.framework",
				"${BUILT_PRODUCTS_DIR}/ObjectMapper/ObjectMapper.framework",
				"${BUILT_PRODUCTS_DIR}/SnapKit/SnapKit.framework",
				"${BUILT_PRODUCTS_DIR}/SwiftyJSON/SwiftyJSON.framework",
			);
			name = "[CP] Embed Pods Frameworks";
			outputFileListPaths = (
			);
			outputPaths = (
				"${TARGET_BUILD_DIR}/${FRAMEWORKS_FOLDER_PATH}/Alamofire.framework",
				"${TARGET_BUILD_DIR}/${FRAMEWORKS_FOLDER_PATH}/AlamofireObjectMapper.framework",
				"${TARGET_BUILD_DIR}/${FRAMEWORKS_FOLDER_PATH}/DGElasticPullToRefresh.framework",
				"${TARGET_BUILD_DIR}/${FRAMEWORKS_FOLDER_PATH}/Kingfisher.framework",
				"${TARGET_BUILD_DIR}/${FRAMEWORKS_FOLDER_PATH}/ObjectMapper.framework",
				"${TARGET_BUILD_DIR}/${FRAMEWORKS_FOLDER_PATH}/SnapKit.framework",
				"${TARGET_BUILD_DIR}/${FRAMEWORKS_FOLDER_PATH}/SwiftyJSON.framework",
			);
			runOnlyForDeploymentPostprocessing = 0;
			shellPath = /bin/sh;
			shellScript = "\"${SRCROOT}/Pods/Target Support Files/Pods-xsh/Pods-xsh-frameworks.sh\"\n";
			showEnvVarsInLog = 0;
		};
/* End PBXShellScriptBuildPhase section */

/* Begin PBXSourcesBuildPhase section */
		08A3A3F421C158CD008E071F /* Sources */ = {
			isa = PBXSourcesBuildPhase;
			buildActionMask = 2147483647;
			files = (
				08A3A46421C168B6008E071F /* UIViewController+Category.swift in Sources */,
				08A3A46D21C168B6008E071F /* LYTabBar.swift in Sources */,
				08A3A46521C168B6008E071F /* UIView+Category.swift in Sources */,
				08A3A46C21C168B6008E071F /* String+Category.swift in Sources */,
				08A3A46F21C168B6008E071F /* LYNavigationController.swift in Sources */,
				0807CA9721C7C47700967692 /* LYProgressHUD.swift in Sources */,
				08A3A3FE21C158CD008E071F /* ViewController.swift in Sources */,
				08A3A46721C168B6008E071F /* UILabel+Category.swift in Sources */,
				08A3A44F21C16659008E071F /* ShopViewController.swift in Sources */,
				08A3A46921C168B6008E071F /* UIColor+Category.swift in Sources */,
				0807CA9621C7C47700967692 /* LocalData.swift in Sources */,
				08A3A46B21C168B6008E071F /* DeviceSystemHelper.swift in Sources */,
				08A3A46821C168B6008E071F /* NSObject+Extension.swift in Sources */,
				0861B84221C29DC0008795E5 /* BaseTableViewController.swift in Sources */,
				0861B84821C52E29008795E5 /* LoginViewController.swift in Sources */,
				08A3A46621C168B6008E071F /* Array+Category.swift in Sources */,
				08A3A46E21C168B6008E071F /* LYTabBarController.swift in Sources */,
				0861B84021C29D74008795E5 /* BaseViewController.swift in Sources */,
				0861B84A21C53EEB008795E5 /* RegisterViewController.swift in Sources */,
				08A3A45121C16663008E071F /* MessageViewController.swift in Sources */,
				08A3A44D21C1664E008E071F /* PersonalViewController.swift in Sources */,
				08A3A40421C158CD008E071F /* xsh.xcdatamodeld in Sources */,
				0861B83421C2971A008795E5 /* NetApis.swift in Sources */,
				0861B83621C297BF008795E5 /* Date+Category.swift in Sources */,
				08A3A45321C1666E008E071F /* CouponViewController.swift in Sources */,
				0861B83221C29703008795E5 /* NetTools.swift in Sources */,
				08A3A3FC21C158CD008E071F /* AppDelegate.swift in Sources */,
			);
			runOnlyForDeploymentPostprocessing = 0;
		};
		08A3A40B21C158CF008E071F /* Sources */ = {
			isa = PBXSourcesBuildPhase;
			buildActionMask = 2147483647;
			files = (
				08A3A41421C158CF008E071F /* xshTests.swift in Sources */,
			);
			runOnlyForDeploymentPostprocessing = 0;
		};
		08A3A41621C158CF008E071F /* Sources */ = {
			isa = PBXSourcesBuildPhase;
			buildActionMask = 2147483647;
			files = (
				08A3A41F21C158CF008E071F /* xshUITests.swift in Sources */,
			);
			runOnlyForDeploymentPostprocessing = 0;
		};
/* End PBXSourcesBuildPhase section */

/* Begin PBXTargetDependency section */
		08A3A41121C158CF008E071F /* PBXTargetDependency */ = {
			isa = PBXTargetDependency;
			target = 08A3A3F721C158CD008E071F /* xsh */;
			targetProxy = 08A3A41021C158CF008E071F /* PBXContainerItemProxy */;
		};
		08A3A41C21C158CF008E071F /* PBXTargetDependency */ = {
			isa = PBXTargetDependency;
			target = 08A3A3F721C158CD008E071F /* xsh */;
			targetProxy = 08A3A41B21C158CF008E071F /* PBXContainerItemProxy */;
		};
/* End PBXTargetDependency section */

/* Begin PBXVariantGroup section */
		08A3A3FF21C158CD008E071F /* Main.storyboard */ = {
			isa = PBXVariantGroup;
			children = (
				08A3A40021C158CD008E071F /* Base */,
			);
			name = Main.storyboard;
			sourceTree = "<group>";
		};
		08A3A40721C158CE008E071F /* LaunchScreen.storyboard */ = {
			isa = PBXVariantGroup;
			children = (
				08A3A40821C158CE008E071F /* Base */,
			);
			name = LaunchScreen.storyboard;
			sourceTree = "<group>";
		};
/* End PBXVariantGroup section */

/* Begin XCBuildConfiguration section */
		08A3A42121C158CF008E071F /* Debug */ = {
			isa = XCBuildConfiguration;
			buildSettings = {
				ALWAYS_SEARCH_USER_PATHS = NO;
				CLANG_ANALYZER_NONNULL = YES;
				CLANG_ANALYZER_NUMBER_OBJECT_CONVERSION = YES_AGGRESSIVE;
				CLANG_CXX_LANGUAGE_STANDARD = "gnu++14";
				CLANG_CXX_LIBRARY = "libc++";
				CLANG_ENABLE_MODULES = YES;
				CLANG_ENABLE_OBJC_ARC = YES;
				CLANG_ENABLE_OBJC_WEAK = YES;
				CLANG_WARN_BLOCK_CAPTURE_AUTORELEASING = YES;
				CLANG_WARN_BOOL_CONVERSION = YES;
				CLANG_WARN_COMMA = YES;
				CLANG_WARN_CONSTANT_CONVERSION = YES;
				CLANG_WARN_DEPRECATED_OBJC_IMPLEMENTATIONS = YES;
				CLANG_WARN_DIRECT_OBJC_ISA_USAGE = YES_ERROR;
				CLANG_WARN_DOCUMENTATION_COMMENTS = YES;
				CLANG_WARN_EMPTY_BODY = YES;
				CLANG_WARN_ENUM_CONVERSION = YES;
				CLANG_WARN_INFINITE_RECURSION = YES;
				CLANG_WARN_INT_CONVERSION = YES;
				CLANG_WARN_NON_LITERAL_NULL_CONVERSION = YES;
				CLANG_WARN_OBJC_IMPLICIT_RETAIN_SELF = YES;
				CLANG_WARN_OBJC_LITERAL_CONVERSION = YES;
				CLANG_WARN_OBJC_ROOT_CLASS = YES_ERROR;
				CLANG_WARN_RANGE_LOOP_ANALYSIS = YES;
				CLANG_WARN_STRICT_PROTOTYPES = YES;
				CLANG_WARN_SUSPICIOUS_MOVE = YES;
				CLANG_WARN_UNGUARDED_AVAILABILITY = YES_AGGRESSIVE;
				CLANG_WARN_UNREACHABLE_CODE = YES;
				CLANG_WARN__DUPLICATE_METHOD_MATCH = YES;
				CODE_SIGN_IDENTITY = "iPhone Developer";
				COPY_PHASE_STRIP = NO;
				DEBUG_INFORMATION_FORMAT = dwarf;
				ENABLE_STRICT_OBJC_MSGSEND = YES;
				ENABLE_TESTABILITY = YES;
				GCC_C_LANGUAGE_STANDARD = gnu11;
				GCC_DYNAMIC_NO_PIC = NO;
				GCC_NO_COMMON_BLOCKS = YES;
				GCC_OPTIMIZATION_LEVEL = 0;
				GCC_PREPROCESSOR_DEFINITIONS = (
					"DEBUG=1",
					"$(inherited)",
				);
				GCC_WARN_64_TO_32_BIT_CONVERSION = YES;
				GCC_WARN_ABOUT_RETURN_TYPE = YES_ERROR;
				GCC_WARN_UNDECLARED_SELECTOR = YES;
				GCC_WARN_UNINITIALIZED_AUTOS = YES_AGGRESSIVE;
				GCC_WARN_UNUSED_FUNCTION = YES;
				GCC_WARN_UNUSED_VARIABLE = YES;
				IPHONEOS_DEPLOYMENT_TARGET = 12.1;
				MTL_ENABLE_DEBUG_INFO = INCLUDE_SOURCE;
				MTL_FAST_MATH = YES;
				ONLY_ACTIVE_ARCH = YES;
				SDKROOT = iphoneos;
				SWIFT_ACTIVE_COMPILATION_CONDITIONS = DEBUG;
				SWIFT_OPTIMIZATION_LEVEL = "-Onone";
			};
			name = Debug;
		};
		08A3A42221C158CF008E071F /* Release */ = {
			isa = XCBuildConfiguration;
			buildSettings = {
				ALWAYS_SEARCH_USER_PATHS = NO;
				CLANG_ANALYZER_NONNULL = YES;
				CLANG_ANALYZER_NUMBER_OBJECT_CONVERSION = YES_AGGRESSIVE;
				CLANG_CXX_LANGUAGE_STANDARD = "gnu++14";
				CLANG_CXX_LIBRARY = "libc++";
				CLANG_ENABLE_MODULES = YES;
				CLANG_ENABLE_OBJC_ARC = YES;
				CLANG_ENABLE_OBJC_WEAK = YES;
				CLANG_WARN_BLOCK_CAPTURE_AUTORELEASING = YES;
				CLANG_WARN_BOOL_CONVERSION = YES;
				CLANG_WARN_COMMA = YES;
				CLANG_WARN_CONSTANT_CONVERSION = YES;
				CLANG_WARN_DEPRECATED_OBJC_IMPLEMENTATIONS = YES;
				CLANG_WARN_DIRECT_OBJC_ISA_USAGE = YES_ERROR;
				CLANG_WARN_DOCUMENTATION_COMMENTS = YES;
				CLANG_WARN_EMPTY_BODY = YES;
				CLANG_WARN_ENUM_CONVERSION = YES;
				CLANG_WARN_INFINITE_RECURSION = YES;
				CLANG_WARN_INT_CONVERSION = YES;
				CLANG_WARN_NON_LITERAL_NULL_CONVERSION = YES;
				CLANG_WARN_OBJC_IMPLICIT_RETAIN_SELF = YES;
				CLANG_WARN_OBJC_LITERAL_CONVERSION = YES;
				CLANG_WARN_OBJC_ROOT_CLASS = YES_ERROR;
				CLANG_WARN_RANGE_LOOP_ANALYSIS = YES;
				CLANG_WARN_STRICT_PROTOTYPES = YES;
				CLANG_WARN_SUSPICIOUS_MOVE = YES;
				CLANG_WARN_UNGUARDED_AVAILABILITY = YES_AGGRESSIVE;
				CLANG_WARN_UNREACHABLE_CODE = YES;
				CLANG_WARN__DUPLICATE_METHOD_MATCH = YES;
				CODE_SIGN_IDENTITY = "iPhone Developer";
				COPY_PHASE_STRIP = NO;
				DEBUG_INFORMATION_FORMAT = "dwarf-with-dsym";
				ENABLE_NS_ASSERTIONS = NO;
				ENABLE_STRICT_OBJC_MSGSEND = YES;
				GCC_C_LANGUAGE_STANDARD = gnu11;
				GCC_NO_COMMON_BLOCKS = YES;
				GCC_WARN_64_TO_32_BIT_CONVERSION = YES;
				GCC_WARN_ABOUT_RETURN_TYPE = YES_ERROR;
				GCC_WARN_UNDECLARED_SELECTOR = YES;
				GCC_WARN_UNINITIALIZED_AUTOS = YES_AGGRESSIVE;
				GCC_WARN_UNUSED_FUNCTION = YES;
				GCC_WARN_UNUSED_VARIABLE = YES;
				IPHONEOS_DEPLOYMENT_TARGET = 12.1;
				MTL_ENABLE_DEBUG_INFO = NO;
				MTL_FAST_MATH = YES;
				SDKROOT = iphoneos;
				SWIFT_COMPILATION_MODE = wholemodule;
				SWIFT_OPTIMIZATION_LEVEL = "-O";
				VALIDATE_PRODUCT = YES;
			};
			name = Release;
		};
		08A3A42421C158CF008E071F /* Debug */ = {
			isa = XCBuildConfiguration;
			baseConfigurationReference = F849972562B5ACBF3C79FEAE /* Pods-xsh.debug.xcconfig */;
			buildSettings = {
				ASSETCATALOG_COMPILER_APPICON_NAME = AppIcon;
				CLANG_ENABLE_MODULES = YES;
				CODE_SIGN_ENTITLEMENTS = xsh/xsh.entitlements;
				CODE_SIGN_IDENTITY = "iPhone Developer";
				CODE_SIGN_STYLE = Automatic;
				DEVELOPMENT_TEAM = 3BXQF9Q7GT;
				ENABLE_BITCODE = NO;
				INFOPLIST_FILE = xsh/Info.plist;
				IPHONEOS_DEPLOYMENT_TARGET = 10.0;
				LD_RUNPATH_SEARCH_PATHS = (
					"$(inherited)",
					"@executable_path/Frameworks",
				);
				PRODUCT_BUNDLE_IDENTIFIER = com.magicsoft.appyssh;
				PRODUCT_NAME = "$(TARGET_NAME)";
				PROVISIONING_PROFILE_SPECIFIER = "";
				SWIFT_OBJC_BRIDGING_HEADER = "xsh/helps/libs/xsh-Bridging-Header.h";
				SWIFT_OPTIMIZATION_LEVEL = "-Onone";
				SWIFT_VERSION = 4.2;
				TARGETED_DEVICE_FAMILY = 1;
			};
			name = Debug;
		};
		08A3A42521C158CF008E071F /* Release */ = {
			isa = XCBuildConfiguration;
			baseConfigurationReference = 222CBFCB20CE17CE8E2FBDE3 /* Pods-xsh.release.xcconfig */;
			buildSettings = {
				ASSETCATALOG_COMPILER_APPICON_NAME = AppIcon;
				CLANG_ENABLE_MODULES = YES;
				CODE_SIGN_ENTITLEMENTS = xsh/xsh.entitlements;
				CODE_SIGN_IDENTITY = "iPhone Developer";
				CODE_SIGN_STYLE = Automatic;
				DEVELOPMENT_TEAM = 3BXQF9Q7GT;
				ENABLE_BITCODE = NO;
				INFOPLIST_FILE = xsh/Info.plist;
				IPHONEOS_DEPLOYMENT_TARGET = 10.0;
				LD_RUNPATH_SEARCH_PATHS = (
					"$(inherited)",
					"@executable_path/Frameworks",
				);
				PRODUCT_BUNDLE_IDENTIFIER = com.magicsoft.appyssh;
				PRODUCT_NAME = "$(TARGET_NAME)";
				PROVISIONING_PROFILE_SPECIFIER = "";
				SWIFT_OBJC_BRIDGING_HEADER = "xsh/helps/libs/xsh-Bridging-Header.h";
				SWIFT_VERSION = 4.2;
				TARGETED_DEVICE_FAMILY = 1;
			};
			name = Release;
		};
		08A3A42721C158CF008E071F /* Debug */ = {
			isa = XCBuildConfiguration;
			baseConfigurationReference = 5B28B3D46E368790652851A7 /* Pods-xshTests.debug.xcconfig */;
			buildSettings = {
				ALWAYS_EMBED_SWIFT_STANDARD_LIBRARIES = YES;
				BUNDLE_LOADER = "$(TEST_HOST)";
				CODE_SIGN_STYLE = Automatic;
				DEVELOPMENT_TEAM = 3BXQF9Q7GT;
				INFOPLIST_FILE = xshTests/Info.plist;
				LD_RUNPATH_SEARCH_PATHS = (
					"$(inherited)",
					"@executable_path/Frameworks",
					"@loader_path/Frameworks",
				);
				PRODUCT_BUNDLE_IDENTIFIER = com.wwzb.xshTests;
				PRODUCT_NAME = "$(TARGET_NAME)";
				SWIFT_VERSION = 4.2;
				TARGETED_DEVICE_FAMILY = "1,2";
				TEST_HOST = "$(BUILT_PRODUCTS_DIR)/xsh.app/xsh";
			};
			name = Debug;
		};
		08A3A42821C158CF008E071F /* Release */ = {
			isa = XCBuildConfiguration;
			baseConfigurationReference = 705FBC0623948395BA553FA3 /* Pods-xshTests.release.xcconfig */;
			buildSettings = {
				ALWAYS_EMBED_SWIFT_STANDARD_LIBRARIES = YES;
				BUNDLE_LOADER = "$(TEST_HOST)";
				CODE_SIGN_STYLE = Automatic;
				DEVELOPMENT_TEAM = 3BXQF9Q7GT;
				INFOPLIST_FILE = xshTests/Info.plist;
				LD_RUNPATH_SEARCH_PATHS = (
					"$(inherited)",
					"@executable_path/Frameworks",
					"@loader_path/Frameworks",
				);
				PRODUCT_BUNDLE_IDENTIFIER = com.wwzb.xshTests;
				PRODUCT_NAME = "$(TARGET_NAME)";
				SWIFT_VERSION = 4.2;
				TARGETED_DEVICE_FAMILY = "1,2";
				TEST_HOST = "$(BUILT_PRODUCTS_DIR)/xsh.app/xsh";
			};
			name = Release;
		};
		08A3A42A21C158CF008E071F /* Debug */ = {
			isa = XCBuildConfiguration;
			baseConfigurationReference = 84141BCB48708816FFDA534A /* Pods-xshUITests.debug.xcconfig */;
			buildSettings = {
				ALWAYS_EMBED_SWIFT_STANDARD_LIBRARIES = YES;
				CODE_SIGN_STYLE = Automatic;
				DEVELOPMENT_TEAM = 3BXQF9Q7GT;
				INFOPLIST_FILE = xshUITests/Info.plist;
				LD_RUNPATH_SEARCH_PATHS = (
					"$(inherited)",
					"@executable_path/Frameworks",
					"@loader_path/Frameworks",
				);
				PRODUCT_BUNDLE_IDENTIFIER = com.wwzb.xshUITests;
				PRODUCT_NAME = "$(TARGET_NAME)";
				SWIFT_VERSION = 4.2;
				TARGETED_DEVICE_FAMILY = "1,2";
				TEST_TARGET_NAME = xsh;
			};
			name = Debug;
		};
		08A3A42B21C158CF008E071F /* Release */ = {
			isa = XCBuildConfiguration;
			baseConfigurationReference = 6A20976A1C316D32232167B9 /* Pods-xshUITests.release.xcconfig */;
			buildSettings = {
				ALWAYS_EMBED_SWIFT_STANDARD_LIBRARIES = YES;
				CODE_SIGN_STYLE = Automatic;
				DEVELOPMENT_TEAM = 3BXQF9Q7GT;
				INFOPLIST_FILE = xshUITests/Info.plist;
				LD_RUNPATH_SEARCH_PATHS = (
					"$(inherited)",
					"@executable_path/Frameworks",
					"@loader_path/Frameworks",
				);
				PRODUCT_BUNDLE_IDENTIFIER = com.wwzb.xshUITests;
				PRODUCT_NAME = "$(TARGET_NAME)";
				SWIFT_VERSION = 4.2;
				TARGETED_DEVICE_FAMILY = "1,2";
				TEST_TARGET_NAME = xsh;
			};
			name = Release;
		};
/* End XCBuildConfiguration section */

/* Begin XCConfigurationList section */
		08A3A3F321C158CD008E071F /* Build configuration list for PBXProject "xsh" */ = {
			isa = XCConfigurationList;
			buildConfigurations = (
				08A3A42121C158CF008E071F /* Debug */,
				08A3A42221C158CF008E071F /* Release */,
			);
			defaultConfigurationIsVisible = 0;
			defaultConfigurationName = Release;
		};
		08A3A42321C158CF008E071F /* Build configuration list for PBXNativeTarget "xsh" */ = {
			isa = XCConfigurationList;
			buildConfigurations = (
				08A3A42421C158CF008E071F /* Debug */,
				08A3A42521C158CF008E071F /* Release */,
			);
			defaultConfigurationIsVisible = 0;
			defaultConfigurationName = Release;
		};
		08A3A42621C158CF008E071F /* Build configuration list for PBXNativeTarget "xshTests" */ = {
			isa = XCConfigurationList;
			buildConfigurations = (
				08A3A42721C158CF008E071F /* Debug */,
				08A3A42821C158CF008E071F /* Release */,
			);
			defaultConfigurationIsVisible = 0;
			defaultConfigurationName = Release;
		};
		08A3A42921C158CF008E071F /* Build configuration list for PBXNativeTarget "xshUITests" */ = {
			isa = XCConfigurationList;
			buildConfigurations = (
				08A3A42A21C158CF008E071F /* Debug */,
				08A3A42B21C158CF008E071F /* Release */,
			);
			defaultConfigurationIsVisible = 0;
			defaultConfigurationName = Release;
		};
/* End XCConfigurationList section */

/* Begin XCVersionGroup section */
		08A3A40221C158CD008E071F /* xsh.xcdatamodeld */ = {
			isa = XCVersionGroup;
			children = (
				08A3A40321C158CD008E071F /* xsh.xcdatamodel */,
			);
			currentVersion = 08A3A40321C158CD008E071F /* xsh.xcdatamodel */;
			path = xsh.xcdatamodeld;
			sourceTree = "<group>";
			versionGroupType = wrapper.xcdatamodel;
		};
/* End XCVersionGroup section */
	};
	rootObject = 08A3A3F021C158CD008E071F /* Project object */;
}
